
Microsoft Visual Studio Solution File, Format Version 11.00
# Visual Studio 2010
Project("{159641D6-6404-4A2A-AE62-294DE0FE8301}") = "SSIS_Project", "SSIS_Project.dtproj", "{773EE5A1-9BEE-4757-BDDD-661B93D728B3}"
EndProject
Global
	GlobalSection(SolutionConfigurationPlatforms) = preSolution
		Development|Default = Development|Default
	EndGlobalSection
	GlobalSection(ProjectConfigurationPlatforms) = postSolution
		{773EE5A1-9BEE-4757-BDDD-661B93D728B3}.Development|Default.ActiveCfg = Development
		{773EE5A1-9BEE-4757-BDDD-661B93D728B3}.Development|Default.Build.0 = Development
	EndGlobalSection
	GlobalSection(SolutionProperties) = preSolution
		HideSolutionNode = FALSE
	EndGlobalSection
EndGlobal
